// !$*UTF8*$!
{
	archiveVersion = 1;
	classes = {
	};
	objectVersion = 46;
	objects = {

/* Begin PBXBuildFile section */
		455156C820B4F84100829CC5 /* TableViewController.swift in Sources */ = {isa = PBXBuildFile; fileRef = 455156C720B4F84100829CC5 /* TableViewController.swift */; };
		D4DA576520994C83000003B1 /* AppDelegate.swift in Sources */ = {isa = PBXBuildFile; fileRef = D4DA576420994C83000003B1 /* AppDelegate.swift */; };
		D4DA576720994C83000003B1 /* ViewController.swift in Sources */ = {isa = PBXBuildFile; fileRef = D4DA576620994C83000003B1 /* ViewController.swift */; };
		D4DA576A20994C83000003B1 /* Main.storyboard in Resources */ = {isa = PBXBuildFile; fileRef = D4DA576820994C83000003B1 /* Main.storyboard */; };
		D4DA576C20994C83000003B1 /* Assets.xcassets in Resources */ = {isa = PBXBuildFile; fileRef = D4DA576B20994C83000003B1 /* Assets.xcassets */; };
		D4DA576F20994C83000003B1 /* LaunchScreen.storyboard in Resources */ = {isa = PBXBuildFile; fileRef = D4DA576D20994C83000003B1 /* LaunchScreen.storyboard */; };
		D4DA577A20994C83000003B1 /* FilteredTests.swift in Sources */ = {isa = PBXBuildFile; fileRef = D4DA577920994C83000003B1 /* FilteredTests.swift */; };
		D4DA578520994C83000003B1 /* FilteredUITests.swift in Sources */ = {isa = PBXBuildFile; fileRef = D4DA578420994C83000003B1 /* FilteredUITests.swift */; };
		D4DA579320994D0A000003B1 /* RGBAImage.swift in Sources */ = {isa = PBXBuildFile; fileRef = D4DA579220994D0A000003B1 /* RGBAImage.swift */; };
/* End PBXBuildFile section */

/* Begin PBXContainerItemProxy section */
		D4DA577620994C83000003B1 /* PBXContainerItemProxy */ = {
			isa = PBXContainerItemProxy;
			containerPortal = D4DA575920994C83000003B1 /* Project object */;
			proxyType = 1;
			remoteGlobalIDString = D4DA576020994C83000003B1;
			remoteInfo = Filtered;
		};
		D4DA578120994C83000003B1 /* PBXContainerItemProxy */ = {
			isa = PBXContainerItemProxy;
			containerPortal = D4DA575920994C83000003B1 /* Project object */;
			proxyType = 1;
			remoteGlobalIDString = D4DA576020994C83000003B1;
			remoteInfo = Filtered;
		};
/* End PBXContainerItemProxy section */

/* Begin PBXFileReference section */
		455156C720B4F84100829CC5 /* TableViewController.swift */ = {isa = PBXFileReference; fileEncoding = 4; lastKnownFileType = sourcecode.swift; name = TableViewController.swift; path = ../TableViewController.swift; sourceTree = "<group>"; };
		D4DA576120994C83000003B1 /* Filtered.app */ = {isa = PBXFileReference; explicitFileType = wrapper.application; includeInIndex = 0; path = Filtered.app; sourceTree = BUILT_PRODUCTS_DIR; };
		D4DA576420994C83000003B1 /* AppDelegate.swift */ = {isa = PBXFileReference; lastKnownFileType = sourcecode.swift; path = AppDelegate.swift; sourceTree = "<group>"; };
		D4DA576620994C83000003B1 /* ViewController.swift */ = {isa = PBXFileReference; lastKnownFileType = sourcecode.swift; path = ViewController.swift; sourceTree = "<group>"; };
		D4DA576920994C83000003B1 /* Base */ = {isa = PBXFileReference; lastKnownFileType = file.storyboard; name = Base; path = Base.lproj/Main.storyboard; sourceTree = "<group>"; };
		D4DA576B20994C83000003B1 /* Assets.xcassets */ = {isa = PBXFileReference; lastKnownFileType = folder.assetcatalog; path = Assets.xcassets; sourceTree = "<group>"; };
		D4DA576E20994C83000003B1 /* Base */ = {isa = PBXFileReference; lastKnownFileType = file.storyboard; name = Base; path = Base.lproj/LaunchScreen.storyboard; sourceTree = "<group>"; };
		D4DA577020994C83000003B1 /* Info.plist */ = {isa = PBXFileReference; lastKnownFileType = text.plist.xml; path = Info.plist; sourceTree = "<group>"; };
		D4DA577520994C83000003B1 /* FilteredTests.xctest */ = {isa = PBXFileReference; explicitFileType = wrapper.cfbundle; includeInIndex = 0; path = FilteredTests.xctest; sourceTree = BUILT_PRODUCTS_DIR; };
		D4DA577920994C83000003B1 /* FilteredTests.swift */ = {isa = PBXFileReference; lastKnownFileType = sourcecode.swift; path = FilteredTests.swift; sourceTree = "<group>"; };
		D4DA577B20994C83000003B1 /* Info.plist */ = {isa = PBXFileReference; lastKnownFileType = text.plist.xml; path = Info.plist; sourceTree = "<group>"; };
		D4DA578020994C83000003B1 /* FilteredUITests.xctest */ = {isa = PBXFileReference; explicitFileType = wrapper.cfbundle; includeInIndex = 0; path = FilteredUITests.xctest; sourceTree = BUILT_PRODUCTS_DIR; };
		D4DA578420994C83000003B1 /* FilteredUITests.swift */ = {isa = PBXFileReference; lastKnownFileType = sourcecode.swift; path = FilteredUITests.swift; sourceTree = "<group>"; };
		D4DA578620994C83000003B1 /* Info.plist */ = {isa = PBXFileReference; lastKnownFileType = text.plist.xml; path = Info.plist; sourceTree = "<group>"; };
		D4DA579220994D0A000003B1 /* RGBAImage.swift */ = {isa = PBXFileReference; fileEncoding = 4; lastKnownFileType = sourcecode.swift; path = RGBAImage.swift; sourceTree = "<group>"; };
/* End PBXFileReference section */

/* Begin PBXFrameworksBuildPhase section */
		D4DA575E20994C83000003B1 /* Frameworks */ = {
			isa = PBXFrameworksBuildPhase;
			buildActionMask = 2147483647;
			files = (
			);
			runOnlyForDeploymentPostprocessing = 0;
		};
		D4DA577220994C83000003B1 /* Frameworks */ = {
			isa = PBXFrameworksBuildPhase;
			buildActionMask = 2147483647;
			files = (
			);
			runOnlyForDeploymentPostprocessing = 0;
		};
		D4DA577D20994C83000003B1 /* Frameworks */ = {
			isa = PBXFrameworksBuildPhase;
			buildActionMask = 2147483647;
			files = (
			);
			runOnlyForDeploymentPostprocessing = 0;
		};
/* End PBXFrameworksBuildPhase section */

/* Begin PBXGroup section */
		D4DA575820994C83000003B1 = {
			isa = PBXGroup;
			children = (
				D4DA576320994C83000003B1 /* Filtered */,
				D4DA577820994C83000003B1 /* FilteredTests */,
				D4DA578320994C83000003B1 /* FilteredUITests */,
				D4DA576220994C83000003B1 /* Products */,
			);
			sourceTree = "<group>";
		};
		D4DA576220994C83000003B1 /* Products */ = {
			isa = PBXGroup;
			children = (
				D4DA576120994C83000003B1 /* Filtered.app */,
				D4DA577520994C83000003B1 /* FilteredTests.xctest */,
				D4DA578020994C83000003B1 /* FilteredUITests.xctest */,
			);
			name = Products;
			sourceTree = "<group>";
		};
		D4DA576320994C83000003B1 /* Filtered */ = {
			isa = PBXGroup;
			children = (
				D4DA576420994C83000003B1 /* AppDelegate.swift */,
				D4DA579220994D0A000003B1 /* RGBAImage.swift */,
				455156C720B4F84100829CC5 /* TableViewController.swift */,
				D4DA576620994C83000003B1 /* ViewController.swift */,
				D4DA576820994C83000003B1 /* Main.storyboard */,
				D4DA576B20994C83000003B1 /* Assets.xcassets */,
				D4DA576D20994C83000003B1 /* LaunchScreen.storyboard */,
				D4DA577020994C83000003B1 /* Info.plist */,
			);
			path = Filtered;
			sourceTree = "<group>";
		};
		D4DA577820994C83000003B1 /* FilteredTests */ = {
			isa = PBXGroup;
			children = (
				D4DA577920994C83000003B1 /* FilteredTests.swift */,
				D4DA577B20994C83000003B1 /* Info.plist */,
			);
			path = FilteredTests;
			sourceTree = "<group>";
		};
		D4DA578320994C83000003B1 /* FilteredUITests */ = {
			isa = PBXGroup;
			children = (
				D4DA578420994C83000003B1 /* FilteredUITests.swift */,
				D4DA578620994C83000003B1 /* Info.plist */,
			);
			path = FilteredUITests;
			sourceTree = "<group>";
		};
/* End PBXGroup section */

/* Begin PBXNativeTarget section */
		D4DA576020994C83000003B1 /* Filtered */ = {
			isa = PBXNativeTarget;
			buildConfigurationList = D4DA578920994C83000003B1 /* Build configuration list for PBXNativeTarget "Filtered" */;
			buildPhases = (
				D4DA575D20994C83000003B1 /* Sources */,
				D4DA575E20994C83000003B1 /* Frameworks */,
				D4DA575F20994C83000003B1 /* Resources */,
			);
			buildRules = (
			);
			dependencies = (
			);
			name = Filtered;
			productName = Filtered;
			productReference = D4DA576120994C83000003B1 /* Filtered.app */;
			productType = "com.apple.product-type.application";
		};
		D4DA577420994C83000003B1 /* FilteredTests */ = {
			isa = PBXNativeTarget;
			buildConfigurationList = D4DA578C20994C83000003B1 /* Build configuration list for PBXNativeTarget "FilteredTests" */;
			buildPhases = (
				D4DA577120994C83000003B1 /* Sources */,
				D4DA577220994C83000003B1 /* Frameworks */,
				D4DA577320994C83000003B1 /* Resources */,
			);
			buildRules = (
			);
			dependencies = (
				D4DA577720994C83000003B1 /* PBXTargetDependency */,
			);
			name = FilteredTests;
			productName = FilteredTests;
			productReference = D4DA577520994C83000003B1 /* FilteredTests.xctest */;
			productType = "com.apple.product-type.bundle.unit-test";
		};
		D4DA577F20994C83000003B1 /* FilteredUITests */ = {
			isa = PBXNativeTarget;
			buildConfigurationList = D4DA578F20994C83000003B1 /* Build configuration list for PBXNativeTarget "FilteredUITests" */;
			buildPhases = (
				D4DA577C20994C83000003B1 /* Sources */,
				D4DA577D20994C83000003B1 /* Frameworks */,
				D4DA577E20994C83000003B1 /* Resources */,
			);
			buildRules = (
			);
			dependencies = (
				D4DA578220994C83000003B1 /* PBXTargetDependency */,
			);
			name = FilteredUITests;
			productName = FilteredUITests;
			productReference = D4DA578020994C83000003B1 /* FilteredUITests.xctest */;
			productType = "com.apple.product-type.bundle.ui-testing";
		};
/* End PBXNativeTarget section */

/* Begin PBXProject section */
		D4DA575920994C83000003B1 /* Project object */ = {
			isa = PBXProject;
			attributes = {
				LastSwiftUpdateCheck = 0730;
				LastUpgradeCheck = 0730;
				ORGANIZATIONNAME = DragonSoft;
				TargetAttributes = {
					D4DA576020994C83000003B1 = {
						CreatedOnToolsVersion = 7.3.1;
						DevelopmentTeam = EAKR9VFLWB;
					};
					D4DA577420994C83000003B1 = {
						CreatedOnToolsVersion = 7.3.1;
						TestTargetID = D4DA576020994C83000003B1;
					};
					D4DA577F20994C83000003B1 = {
						CreatedOnToolsVersion = 7.3.1;
						TestTargetID = D4DA576020994C83000003B1;
					};
				};
			};
			buildConfigurationList = D4DA575C20994C83000003B1 /* Build configuration list for PBXProject "Filtered" */;
			compatibilityVersion = "Xcode 3.2";
			developmentRegion = English;
			hasScannedForEncodings = 0;
			knownRegions = (
				en,
				Base,
			);
			mainGroup = D4DA575820994C83000003B1;
			productRefGroup = D4DA576220994C83000003B1 /* Products */;
			projectDirPath = "";
			projectRoot = "";
			targets = (
				D4DA576020994C83000003B1 /* Filtered */,
				D4DA577420994C83000003B1 /* FilteredTests */,
				D4DA577F20994C83000003B1 /* FilteredUITests */,
			);
		};
/* End PBXProject section */

/* Begin PBXResourcesBuildPhase section */
		D4DA575F20994C83000003B1 /* Resources */ = {
			isa = PBXResourcesBuildPhase;
			buildActionMask = 2147483647;
			files = (
				D4DA576F20994C83000003B1 /* LaunchScreen.storyboard in Resources */,
				D4DA576C20994C83000003B1 /* Assets.xcassets in Resources */,
				D4DA576A20994C83000003B1 /* Main.storyboard in Resources */,
			);
			runOnlyForDeploymentPostprocessing = 0;
		};
		D4DA577320994C83000003B1 /* Resources */ = {
			isa = PBXResourcesBuildPhase;
			buildActionMask = 2147483647;
			files = (
			);
			runOnlyForDeploymentPostprocessing = 0;
		};
		D4DA577E20994C83000003B1 /* Resources */ = {
			isa = PBXResourcesBuildPhase;
			buildActionMask = 2147483647;
			files = (
			);
			runOnlyForDeploymentPostprocessing = 0;
		};
/* End PBXResourcesBuildPhase section */

/* Begin PBXSourcesBuildPhase section */
		D4DA575D20994C83000003B1 /* Sources */ = {
			isa = PBXSourcesBuildPhase;
			buildActionMask = 2147483647;
			files = (
				D4DA576720994C83000003B1 /* ViewController.swift in Sources */,
				D4DA579320994D0A000003B1 /* RGBAImage.swift in Sources */,
				D4DA576520994C83000003B1 /* AppDelegate.swift in Sources */,
				455156C820B4F84100829CC5 /* TableViewController.swift in Sources */,
			);
			runOnlyForDeploymentPostprocessing = 0;
		};
		D4DA577120994C83000003B1 /* Sources */ = {
			isa = PBXSourcesBuildPhase;
			buildActionMask = 2147483647;
			files = (
				D4DA577A20994C83000003B1 /* FilteredTests.swift in Sources */,
			);
			runOnlyForDeploymentPostprocessing = 0;
		};
		D4DA577C20994C83000003B1 /* Sources */ = {
			isa = PBXSourcesBuildPhase;
			buildActionMask = 2147483647;
			files = (
				D4DA578520994C83000003B1 /* FilteredUITests.swift in Sources */,
			);
			runOnlyForDeploymentPostprocessing = 0;
		};
/* End PBXSourcesBuildPhase section */

/* Begin PBXTargetDependency section */
		D4DA577720994C83000003B1 /* PBXTargetDependency */ = {
			isa = PBXTargetDependency;
			target = D4DA576020994C83000003B1 /* Filtered */;
			targetProxy = D4DA577620994C83000003B1 /* PBXContainerItemProxy */;
		};
		D4DA578220994C83000003B1 /* PBXTargetDependency */ = {
			isa = PBXTargetDependency;
			target = D4DA576020994C83000003B1 /* Filtered */;
			targetProxy = D4DA578120994C83000003B1 /* PBXContainerItemProxy */;
		};
/* End PBXTargetDependency section */

/* Begin PBXVariantGroup section */
		D4DA576820994C83000003B1 /* Main.storyboard */ = {
			isa = PBXVariantGroup;
			children = (
				D4DA576920994C83000003B1 /* Base */,
			);
			name = Main.storyboard;
			sourceTree = "<group>";
		};
		D4DA576D20994C83000003B1 /* LaunchScreen.storyboard */ = {
			isa = PBXVariantGroup;
			children = (
				D4DA576E20994C83000003B1 /* Base */,
			);
			name = LaunchScreen.storyboard;
			sourceTree = "<group>";
		};
/* End PBXVariantGroup section */

/* Begin XCBuildConfiguration section */
		D4DA578720994C83000003B1 /* Debug */ = {
			isa = XCBuildConfiguration;
			buildSettings = {
				ALWAYS_SEARCH_USER_PATHS = NO;
				CLANG_ANALYZER_NONNULL = YES;
				CLANG_CXX_LANGUAGE_STANDARD = "gnu++0x";
				CLANG_CXX_LIBRARY = "libc++";
				CLANG_ENABLE_MODULES = YES;
				CLANG_ENABLE_OBJC_ARC = YES;
				CLANG_WARN_BOOL_CONVERSION = YES;
				CLANG_WARN_CONSTANT_CONVERSION = YES;
				CLANG_WARN_DIRECT_OBJC_ISA_USAGE = YES_ERROR;
				CLANG_WARN_EMPTY_BODY = YES;
				CLANG_WARN_ENUM_CONVERSION = YES;
				CLANG_WARN_INT_CONVERSION = YES;
				CLANG_WARN_OBJC_ROOT_CLASS = YES_ERROR;
				CLANG_WARN_UNREACHABLE_CODE = YES;
				CLANG_WARN__DUPLICATE_METHOD_MATCH = YES;
				"CODE_SIGN_IDENTITY[sdk=iphoneos*]" = "iPhone Developer";
				COPY_PHASE_STRIP = NO;
				DEBUG_INFORMATION_FORMAT = dwarf;
				ENABLE_STRICT_OBJC_MSGSEND = YES;
				ENABLE_TESTABILITY = YES;
				GCC_C_LANGUAGE_STANDARD = gnu99;
				GCC_DYNAMIC_NO_PIC = NO;
				GCC_NO_COMMON_BLOCKS = YES;
				GCC_OPTIMIZATION_LEVEL = 0;
				GCC_PREPROCESSOR_DEFINITIONS = (
					"DEBUG=1",
					"$(inherited)",
				);
				GCC_WARN_64_TO_32_BIT_CONVERSION = YES;
				GCC_WARN_ABOUT_RETURN_TYPE = YES_ERROR;
				GCC_WARN_UNDECLARED_SELECTOR = YES;
				GCC_WARN_UNINITIALIZED_AUTOS = YES_AGGRESSIVE;
				GCC_WARN_UNUSED_FUNCTION = YES;
				GCC_WARN_UNUSED_VARIABLE = YES;
				IPHONEOS_DEPLOYMENT_TARGET = 9.3;
				MTL_ENABLE_DEBUG_INFO = YES;
				ONLY_ACTIVE_ARCH = YES;
				SDKROOT = iphoneos;
				SWIFT_OPTIMIZATION_LEVEL = "-Onone";
				TARGETED_DEVICE_FAMILY = "1,2";
			};
			name = Debug;
		};
		D4DA578820994C83000003B1 /* Release */ = {
			isa = XCBuildConfiguration;
			buildSettings = {
				ALWAYS_SEARCH_USER_PATHS = NO;
				CLANG_ANALYZER_NONNULL = YES;
				CLANG_CXX_LANGUAGE_STANDARD = "gnu++0x";
				CLANG_CXX_LIBRARY = "libc++";
				CLANG_ENABLE_MODULES = YES;
				CLANG_ENABLE_OBJC_ARC = YES;
				CLANG_WARN_BOOL_CONVERSION = YES;
				CLANG_WARN_CONSTANT_CONVERSION = YES;
				CLANG_WARN_DIRECT_OBJC_ISA_USAGE = YES_ERROR;
				CLANG_WARN_EMPTY_BODY = YES;
				CLANG_WARN_ENUM_CONVERSION = YES;
				CLANG_WARN_INT_CONVERSION = YES;
				CLANG_WARN_OBJC_ROOT_CLASS = YES_ERROR;
				CLANG_WARN_UNREACHABLE_CODE = YES;
				CLANG_WARN__DUPLICATE_METHOD_MATCH = YES;
				"CODE_SIGN_IDENTITY[sdk=iphoneos*]" = "iPhone Developer";
				COPY_PHASE_STRIP = NO;
				DEBUG_INFORMATION_FORMAT = "dwarf-with-dsym";
				ENABLE_NS_ASSERTIONS = NO;
				ENABLE_STRICT_OBJC_MSGSEND = YES;
				GCC_C_LANGUAGE_STANDARD = gnu99;
				GCC_NO_COMMON_BLOCKS = YES;
				GCC_WARN_64_TO_32_BIT_CONVERSION = YES;
				GCC_WARN_ABOUT_RETURN_TYPE = YES_ERROR;
				GCC_WARN_UNDECLARED_SELECTOR = YES;
				GCC_WARN_UNINITIALIZED_AUTOS = YES_AGGRESSIVE;
				GCC_WARN_UNUSED_FUNCTION = YES;
				GCC_WARN_UNUSED_VARIABLE = YES;
				IPHONEOS_DEPLOYMENT_TARGET = 9.3;
				MTL_ENABLE_DEBUG_INFO = NO;
				SDKROOT = iphoneos;
				TARGETED_DEVICE_FAMILY = "1,2";
				VALIDATE_PRODUCT = YES;
			};
			name = Release;
		};
		D4DA578A20994C83000003B1 /* Debug */ = {
			isa = XCBuildConfiguration;
			buildSettings = {
				ASSETCATALOG_COMPILER_APPICON_NAME = AppIcon;
				CODE_SIGN_IDENTITY = "iPhone Developer";
				"CODE_SIGN_IDENTITY[sdk=iphoneos*]" = "iPhone Developer";
				INFOPLIST_FILE = Filtered/Info.plist;
				LD_RUNPATH_SEARCH_PATHS = "$(inherited) @executable_path/Frameworks";
				PRODUCT_BUNDLE_IDENTIFIER = com.dragonsoft.filtered;
				PRODUCT_NAME = "$(TARGET_NAME)";
				PROVISIONING_PROFILE = "";
			};
			name = Debug;
		};
		D4DA578B20994C83000003B1 /* Release */ = {
			isa = XCBuildConfiguration;
			buildSettings = {
				ASSETCATALOG_COMPILER_APPICON_NAME = AppIcon;
				CODE_SIGN_IDENTITY = "iPhone Developer";
				"CODE_SIGN_IDENTITY[sdk=iphoneos*]" = "iPhone Developer";
				INFOPLIST_FILE = Filtered/Info.plist;
				LD_RUNPATH_SEARCH_PATHS = "$(inherited) @executable_path/Frameworks";
				PRODUCT_BUNDLE_IDENTIFIER = com.dragonsoft.filtered;
				PRODUCT_NAME = "$(TARGET_NAME)";
				PROVISIONING_PROFILE = "";
			};
			name = Release;
		};
		D4DA578D20994C83000003B1 /* Debug */ = {
			isa = XCBuildConfiguration;
			buildSettings = {
				BUNDLE_LOADER = "$(TEST_HOST)";
				INFOPLIST_FILE = FilteredTests/Info.plist;
				LD_RUNPATH_SEARCH_PATHS = "$(inherited) @executable_path/Frameworks @loader_path/Frameworks";
				PRODUCT_BUNDLE_IDENTIFIER = ghdragonsoft.com.FilteredTests;
				PRODUCT_NAME = "$(TARGET_NAME)";
				TEST_HOST = "$(BUILT_PRODUCTS_DIR)/Filtered.app/Filtered";
			};
			name = Debug;
		};
		D4DA578E20994C83000003B1 /* Release */ = {
			isa = XCBuildConfiguration;
			buildSettings = {
				BUNDLE_LOADER = "$(TEST_HOST)";
				INFOPLIST_FILE = FilteredTests/Info.plist;
				LD_RUNPATH_SEARCH_PATHS = "$(inherited) @executable_path/Frameworks @loader_path/Frameworks";
				PRODUCT_BUNDLE_IDENTIFIER = ghdragonsoft.com.FilteredTests;
				PRODUCT_NAME = "$(TARGET_NAME)";
				TEST_HOST = "$(BUILT_PRODUCTS_DIR)/Filtered.app/Filtered";
			};
			name = Release;
		};
		D4DA579020994C83000003B1 /* Debug */ = {
			isa = XCBuildConfiguration;
			buildSettings = {
				INFOPLIST_FILE = FilteredUITests/Info.plist;
				LD_RUNPATH_SEARCH_PATHS = "$(inherited) @executable_path/Frameworks @loader_path/Frameworks";
				PRODUCT_BUNDLE_IDENTIFIER = ghdragonsoft.com.FilteredUITests;
				PRODUCT_NAME = "$(TARGET_NAME)";
				TEST_TARGET_NAME = Filtered;
			};
			name = Debug;
		};
		D4DA579120994C83000003B1 /* Release */ = {
			isa = XCBuildConfiguration;
			buildSettings = {
				INFOPLIST_FILE = FilteredUITests/Info.plist;
				LD_RUNPATH_SEARCH_PATHS = "$(inherited) @executable_path/Frameworks @loader_path/Frameworks";
				PRODUCT_BUNDLE_IDENTIFIER = ghdragonsoft.com.FilteredUITests;
				PRODUCT_NAME = "$(TARGET_NAME)";
				TEST_TARGET_NAME = Filtered;
			};
			name = Release;
		};
/* End XCBuildConfiguration section */

/* Begin XCConfigurationList section */
		D4DA575C20994C83000003B1 /* Build configuration list for PBXProject "Filtered" */ = {
			isa = XCConfigurationList;
			buildConfigurations = (
				D4DA578720994C83000003B1 /* Debug */,
				D4DA578820994C83000003B1 /* Release */,
			);
			defaultConfigurationIsVisible = 0;
			defaultConfigurationName = Release;
		};
		D4DA578920994C83000003B1 /* Build configuration list for PBXNativeTarget "Filtered" */ = {
			isa = XCConfigurationList;
			buildConfigurations = (
				D4DA578A20994C83000003B1 /* Debug */,
				D4DA578B20994C83000003B1 /* Release */,
			);
			defaultConfigurationIsVisible = 0;
			defaultConfigurationName = Release;
		};
		D4DA578C20994C83000003B1 /* Build configuration list for PBXNativeTarget "FilteredTests" */ = {
			isa = XCConfigurationList;
			buildConfigurations = (
				D4DA578D20994C83000003B1 /* Debug */,
				D4DA578E20994C83000003B1 /* Release */,
			);
			defaultConfigurationIsVisible = 0;
			defaultConfigurationName = Release;
		};
		D4DA578F20994C83000003B1 /* Build configuration list for PBXNativeTarget "FilteredUITests" */ = {
			isa = XCConfigurationList;
			buildConfigurations = (
				D4DA579020994C83000003B1 /* Debug */,
				D4DA579120994C83000003B1 /* Release */,
			);
			defaultConfigurationIsVisible = 0;
			defaultConfigurationName = Release;
		};
/* End XCConfigurationList section */
	};
	rootObject = D4DA575920994C83000003B1 /* Project object */;
}
